
Microsoft Visual Studio Solution File, Format Version 11.00
# Visual Studio 2010
Project("{FAE04EC0-301F-11D3-BF4B-00C04F79EFBC}") = "Dit.Framework", "Dit.Framework.Data\Dit.Framework.csproj", "{E3AE023B-9270-4942-8173-60FE6A6B133F}"
EndProject
Project("{FAE04EC0-301F-11D3-BF4B-00C04F79EFBC}") = "DitSharedMemoryTester", "DitSharedMemoryTester\DitSharedMemoryTester.csproj", "{9D0953E1-1270-4F6A-A995-60B58E6480AF}"
EndProject
Project("{FAE04EC0-301F-11D3-BF4B-00C04F79EFBC}") = "DitSharedMemorySyncClient", "DitSharedMemorySyncClient\DitSharedMemorySyncClient.csproj", "{ED77335C-BB96-411B-851C-B3F5C53F51B1}"
EndProject
Project("{FAE04EC0-301F-11D3-BF4B-00C04F79EFBC}") = "DitSharedMemorySyncPacket", "DitSharedMemorySyncPacket\DitSharedMemorySyncPacket.csproj", "{E337233B-EC2C-4679-953A-71A83884D4CD}"
EndProject
Project("{FAE04EC0-301F-11D3-BF4B-00C04F79EFBC}") = "DitSharedMemorySyncSvr", "DitSharedMemorySyncSvr\DitSharedMemorySyncSvr.csproj", "{4E09A2EF-BF06-4A6F-B4A3-BE3E67A9DDAA}"
EndProject
Global
	GlobalSection(SolutionConfigurationPlatforms) = preSolution
		Debug|Any CPU = Debug|Any CPU
		Debug|Mixed Platforms = Debug|Mixed Platforms
		Debug|x86 = Debug|x86
		Release|Any CPU = Release|Any CPU
		Release|Mixed Platforms = Release|Mixed Platforms
		Release|x86 = Release|x86
	EndGlobalSection
	GlobalSection(ProjectConfigurationPlatforms) = postSolution
		{E3AE023B-9270-4942-8173-60FE6A6B133F}.Debug|Any CPU.ActiveCfg = Debug|Any CPU
		{E3AE023B-9270-4942-8173-60FE6A6B133F}.Debug|Any CPU.Build.0 = Debug|Any CPU
		{E3AE023B-9270-4942-8173-60FE6A6B133F}.Debug|Mixed Platforms.ActiveCfg = Debug|Any CPU
		{E3AE023B-9270-4942-8173-60FE6A6B133F}.Debug|Mixed Platforms.Build.0 = Debug|Any CPU
		{E3AE023B-9270-4942-8173-60FE6A6B133F}.Debug|x86.ActiveCfg = Debug|Any CPU
		{E3AE023B-9270-4942-8173-60FE6A6B133F}.Release|Any CPU.ActiveCfg = Release|Any CPU
		{E3AE023B-9270-4942-8173-60FE6A6B133F}.Release|Any CPU.Build.0 = Release|Any CPU
		{E3AE023B-9270-4942-8173-60FE6A6B133F}.Release|Mixed Platforms.ActiveCfg = Release|Any CPU
		{E3AE023B-9270-4942-8173-60FE6A6B133F}.Release|Mixed Platforms.Build.0 = Release|Any CPU
		{E3AE023B-9270-4942-8173-60FE6A6B133F}.Release|x86.ActiveCfg = Release|Any CPU
		{9D0953E1-1270-4F6A-A995-60B58E6480AF}.Debug|Any CPU.ActiveCfg = Debug|x86
		{9D0953E1-1270-4F6A-A995-60B58E6480AF}.Debug|Mixed Platforms.ActiveCfg = Debug|x86
		{9D0953E1-1270-4F6A-A995-60B58E6480AF}.Debug|Mixed Platforms.Build.0 = Debug|x86
		{9D0953E1-1270-4F6A-A995-60B58E6480AF}.Debug|x86.ActiveCfg = Debug|x86
		{9D0953E1-1270-4F6A-A995-60B58E6480AF}.Debug|x86.Build.0 = Debug|x86
		{9D0953E1-1270-4F6A-A995-60B58E6480AF}.Release|Any CPU.ActiveCfg = Release|x86
		{9D0953E1-1270-4F6A-A995-60B58E6480AF}.Release|Mixed Platforms.ActiveCfg = Release|x86
		{9D0953E1-1270-4F6A-A995-60B58E6480AF}.Release|Mixed Platforms.Build.0 = Release|x86
		{9D0953E1-1270-4F6A-A995-60B58E6480AF}.Release|x86.ActiveCfg = Release|x86
		{9D0953E1-1270-4F6A-A995-60B58E6480AF}.Release|x86.Build.0 = Release|x86
		{ED77335C-BB96-411B-851C-B3F5C53F51B1}.Debug|Any CPU.ActiveCfg = Debug|x86
		{ED77335C-BB96-411B-851C-B3F5C53F51B1}.Debug|Mixed Platforms.ActiveCfg = Debug|x86
		{ED77335C-BB96-411B-851C-B3F5C53F51B1}.Debug|Mixed Platforms.Build.0 = Debug|x86
		{ED77335C-BB96-411B-851C-B3F5C53F51B1}.Debug|x86.ActiveCfg = Debug|x86
		{ED77335C-BB96-411B-851C-B3F5C53F51B1}.Debug|x86.Build.0 = Debug|x86
		{ED77335C-BB96-411B-851C-B3F5C53F51B1}.Release|Any CPU.ActiveCfg = Release|x86
		{ED77335C-BB96-411B-851C-B3F5C53F51B1}.Release|Mixed Platforms.ActiveCfg = Release|x86
		{ED77335C-BB96-411B-851C-B3F5C53F51B1}.Release|Mixed Platforms.Build.0 = Release|x86
		{ED77335C-BB96-411B-851C-B3F5C53F51B1}.Release|x86.ActiveCfg = Release|x86
		{ED77335C-BB96-411B-851C-B3F5C53F51B1}.Release|x86.Build.0 = Release|x86
		{E337233B-EC2C-4679-953A-71A83884D4CD}.Debug|Any CPU.ActiveCfg = Debug|Any CPU
		{E337233B-EC2C-4679-953A-71A83884D4CD}.Debug|Any CPU.Build.0 = Debug|Any CPU
		{E337233B-EC2C-4679-953A-71A83884D4CD}.Debug|Mixed Platforms.ActiveCfg = Debug|Any CPU
		{E337233B-EC2C-4679-953A-71A83884D4CD}.Debug|Mixed Platforms.Build.0 = Debug|Any CPU
		{E337233B-EC2C-4679-953A-71A83884D4CD}.Debug|x86.ActiveCfg = Debug|Any CPU
		{E337233B-EC2C-4679-953A-71A83884D4CD}.Release|Any CPU.ActiveCfg = Release|Any CPU
		{E337233B-EC2C-4679-953A-71A83884D4CD}.Release|Any CPU.Build.0 = Release|Any CPU
		{E337233B-EC2C-4679-953A-71A83884D4CD}.Release|Mixed Platforms.ActiveCfg = Release|Any CPU
		{E337233B-EC2C-4679-953A-71A83884D4CD}.Release|Mixed Platforms.Build.0 = Release|Any CPU
		{E337233B-EC2C-4679-953A-71A83884D4CD}.Release|x86.ActiveCfg = Release|Any CPU
		{4E09A2EF-BF06-4A6F-B4A3-BE3E67A9DDAA}.Debug|Any CPU.ActiveCfg = Debug|x86
		{4E09A2EF-BF06-4A6F-B4A3-BE3E67A9DDAA}.Debug|Mixed Platforms.ActiveCfg = Debug|x86
		{4E09A2EF-BF06-4A6F-B4A3-BE3E67A9DDAA}.Debug|Mixed Platforms.Build.0 = Debug|x86
		{4E09A2EF-BF06-4A6F-B4A3-BE3E67A9DDAA}.Debug|x86.ActiveCfg = Debug|x86
		{4E09A2EF-BF06-4A6F-B4A3-BE3E67A9DDAA}.Debug|x86.Build.0 = Debug|x86
		{4E09A2EF-BF06-4A6F-B4A3-BE3E67A9DDAA}.Release|Any CPU.ActiveCfg = Release|x86
		{4E09A2EF-BF06-4A6F-B4A3-BE3E67A9DDAA}.Release|Mixed Platforms.ActiveCfg = Release|x86
		{4E09A2EF-BF06-4A6F-B4A3-BE3E67A9DDAA}.Release|Mixed Platforms.Build.0 = Release|x86
		{4E09A2EF-BF06-4A6F-B4A3-BE3E67A9DDAA}.Release|x86.ActiveCfg = Release|x86
		{4E09A2EF-BF06-4A6F-B4A3-BE3E67A9DDAA}.Release|x86.Build.0 = Release|x86
	EndGlobalSection
	GlobalSection(SolutionProperties) = preSolution
		HideSolutionNode = FALSE
	EndGlobalSection
EndGlobal
