
Microsoft Visual Studio Solution File, Format Version 11.00
# Visual Studio 2010
Project("{FAE04EC0-301F-11D3-BF4B-00C04F79EFBC}") = "AsNetTester", "AsNetTester\AsNetTester.csproj", "{279B1B05-18FA-44CC-8AB7-84E6894B4893}"
EndProject
Project("{FAE04EC0-301F-11D3-BF4B-00C04F79EFBC}") = "DitMemoryMonitor", "DitMemoryMonitor\DitMemoryMonitor.csproj", "{F6F3FD0A-14CD-4FC1-A2EA-39AC570D758C}"
EndProject
Project("{FAE04EC0-301F-11D3-BF4B-00C04F79EFBC}") = "Dit.Framework", "Dit.Framework\Dit.Framework.csproj", "{29EBD889-4AE8-4CE1-A976-83C0ADBD3699}"
EndProject
Project("{FAE04EC0-301F-11D3-BF4B-00C04F79EFBC}") = "Dit.ShareMem.Viewer", "Dit.ShareMem.Viewer\Dit.ShareMem.Viewer.csproj", "{874961FD-5A33-49BC-AAD4-A93402AEE8C0}"
EndProject
Project("{FAE04EC0-301F-11D3-BF4B-00C04F79EFBC}") = "Dit.Util.Switcher", "Dit.Util.Switcher\Dit.Util.Switcher.csproj", "{1852A8F9-50CE-4E81-8852-E77B58A0897C}"
EndProject
Project("{FAE04EC0-301F-11D3-BF4B-00C04F79EFBC}") = "ModbusTester", "ModbusTester\ModbusTester.csproj", "{A31438E4-BCEC-4926-8950-E44015F5ED77}"
EndProject
Project("{FAE04EC0-301F-11D3-BF4B-00C04F79EFBC}") = "Dit.Framework.UI", "Dit.Framework.UI\Dit.Framework.UI.csproj", "{486DABAC-D1CA-4713-A713-93AB307872CB}"
EndProject
Project("{FAE04EC0-301F-11D3-BF4B-00C04F79EFBC}") = "Dit.Framework.Analog", "Dit.Framework.Analog\Dit.Framework.Analog.csproj", "{5A23AA8F-A3C1-40E4-9222-B853DAC890A2}"
EndProject
Project("{FAE04EC0-301F-11D3-BF4B-00C04F79EFBC}") = "Dit.Framework.EIP", "Dit.Framework.EIP\Dit.Framework.EIP.csproj", "{72F8DB32-ED62-4346-A96B-D27D3A4592B3}"
EndProject
Project("{FAE04EC0-301F-11D3-BF4B-00C04F79EFBC}") = "Dit.Framework.CCLINK", "Dit.Framework.CCLINK\Dit.Framework.CCLINK.csproj", "{BC81A0B4-3A9E-4130-940E-D2B3891437EA}"
EndProject
Project("{FAE04EC0-301F-11D3-BF4B-00C04F79EFBC}") = "Dit.Framework.PMAC", "Dit.Framework.PMAC\Dit.Framework.PMAC.csproj", "{BF263FA0-792F-4F00-B57A-F8DF623EEBEE}"
EndProject
Project("{FAE04EC0-301F-11D3-BF4B-00C04F79EFBC}") = "Dit.Framework.ACS", "Dit.Framework.ACS\Dit.Framework.ACS.csproj", "{3B6E3E65-5815-4C12-99FD-3A718E4B944A}"
EndProject
Project("{FAE04EC0-301F-11D3-BF4B-00C04F79EFBC}") = "Dit.Framework.HWControl", "Dit.Framework.HWControl\Dit.Framework.HWControl.csproj", "{17B3D878-31DE-47A5-88A1-9D120D326C2F}"
EndProject
Project("{FAE04EC0-301F-11D3-BF4B-00C04F79EFBC}") = "Dit.Framework.RSNMC", "Dit.Framework.RSNMC\Dit.Framework.RSNMC.csproj", "{BE56AE19-3E10-473A-ACCF-8283DF73B2C3}"
EndProject
Global
	GlobalSection(SolutionConfigurationPlatforms) = preSolution
		Debug|Any CPU = Debug|Any CPU
		Debug|Mixed Platforms = Debug|Mixed Platforms
		Debug|Win32 = Debug|Win32
		Debug|x64 = Debug|x64
		Debug|x86 = Debug|x86
		Release|Any CPU = Release|Any CPU
		Release|Mixed Platforms = Release|Mixed Platforms
		Release|Win32 = Release|Win32
		Release|x64 = Release|x64
		Release|x86 = Release|x86
	EndGlobalSection
	GlobalSection(ProjectConfigurationPlatforms) = postSolution
		{279B1B05-18FA-44CC-8AB7-84E6894B4893}.Debug|Any CPU.ActiveCfg = Debug|x86
		{279B1B05-18FA-44CC-8AB7-84E6894B4893}.Debug|Mixed Platforms.ActiveCfg = Debug|x86
		{279B1B05-18FA-44CC-8AB7-84E6894B4893}.Debug|Mixed Platforms.Build.0 = Debug|x86
		{279B1B05-18FA-44CC-8AB7-84E6894B4893}.Debug|Win32.ActiveCfg = Debug|x86
		{279B1B05-18FA-44CC-8AB7-84E6894B4893}.Debug|x64.ActiveCfg = Debug|x86
		{279B1B05-18FA-44CC-8AB7-84E6894B4893}.Debug|x86.ActiveCfg = Debug|x86
		{279B1B05-18FA-44CC-8AB7-84E6894B4893}.Debug|x86.Build.0 = Debug|x86
		{279B1B05-18FA-44CC-8AB7-84E6894B4893}.Release|Any CPU.ActiveCfg = Release|x86
		{279B1B05-18FA-44CC-8AB7-84E6894B4893}.Release|Mixed Platforms.ActiveCfg = Release|x86
		{279B1B05-18FA-44CC-8AB7-84E6894B4893}.Release|Mixed Platforms.Build.0 = Release|x86
		{279B1B05-18FA-44CC-8AB7-84E6894B4893}.Release|Win32.ActiveCfg = Release|x86
		{279B1B05-18FA-44CC-8AB7-84E6894B4893}.Release|x64.ActiveCfg = Release|x86
		{279B1B05-18FA-44CC-8AB7-84E6894B4893}.Release|x86.ActiveCfg = Release|x86
		{279B1B05-18FA-44CC-8AB7-84E6894B4893}.Release|x86.Build.0 = Release|x86
		{F6F3FD0A-14CD-4FC1-A2EA-39AC570D758C}.Debug|Any CPU.ActiveCfg = Debug|x86
		{F6F3FD0A-14CD-4FC1-A2EA-39AC570D758C}.Debug|Mixed Platforms.ActiveCfg = Debug|x86
		{F6F3FD0A-14CD-4FC1-A2EA-39AC570D758C}.Debug|Mixed Platforms.Build.0 = Debug|x86
		{F6F3FD0A-14CD-4FC1-A2EA-39AC570D758C}.Debug|Win32.ActiveCfg = Debug|x86
		{F6F3FD0A-14CD-4FC1-A2EA-39AC570D758C}.Debug|x64.ActiveCfg = Debug|x86
		{F6F3FD0A-14CD-4FC1-A2EA-39AC570D758C}.Debug|x86.ActiveCfg = Debug|x86
		{F6F3FD0A-14CD-4FC1-A2EA-39AC570D758C}.Debug|x86.Build.0 = Debug|x86
		{F6F3FD0A-14CD-4FC1-A2EA-39AC570D758C}.Release|Any CPU.ActiveCfg = Release|x86
		{F6F3FD0A-14CD-4FC1-A2EA-39AC570D758C}.Release|Mixed Platforms.ActiveCfg = Release|x86
		{F6F3FD0A-14CD-4FC1-A2EA-39AC570D758C}.Release|Mixed Platforms.Build.0 = Release|x86
		{F6F3FD0A-14CD-4FC1-A2EA-39AC570D758C}.Release|Win32.ActiveCfg = Release|x86
		{F6F3FD0A-14CD-4FC1-A2EA-39AC570D758C}.Release|x64.ActiveCfg = Release|x86
		{F6F3FD0A-14CD-4FC1-A2EA-39AC570D758C}.Release|x86.ActiveCfg = Release|x86
		{F6F3FD0A-14CD-4FC1-A2EA-39AC570D758C}.Release|x86.Build.0 = Release|x86
		{29EBD889-4AE8-4CE1-A976-83C0ADBD3699}.Debug|Any CPU.ActiveCfg = Debug|Any CPU
		{29EBD889-4AE8-4CE1-A976-83C0ADBD3699}.Debug|Any CPU.Build.0 = Debug|Any CPU
		{29EBD889-4AE8-4CE1-A976-83C0ADBD3699}.Debug|Mixed Platforms.ActiveCfg = Debug|Any CPU
		{29EBD889-4AE8-4CE1-A976-83C0ADBD3699}.Debug|Mixed Platforms.Build.0 = Debug|Any CPU
		{29EBD889-4AE8-4CE1-A976-83C0ADBD3699}.Debug|Win32.ActiveCfg = Debug|Any CPU
		{29EBD889-4AE8-4CE1-A976-83C0ADBD3699}.Debug|x64.ActiveCfg = Debug|Any CPU
		{29EBD889-4AE8-4CE1-A976-83C0ADBD3699}.Debug|x86.ActiveCfg = Debug|Any CPU
		{29EBD889-4AE8-4CE1-A976-83C0ADBD3699}.Release|Any CPU.ActiveCfg = Release|Any CPU
		{29EBD889-4AE8-4CE1-A976-83C0ADBD3699}.Release|Any CPU.Build.0 = Release|Any CPU
		{29EBD889-4AE8-4CE1-A976-83C0ADBD3699}.Release|Mixed Platforms.ActiveCfg = Release|Any CPU
		{29EBD889-4AE8-4CE1-A976-83C0ADBD3699}.Release|Mixed Platforms.Build.0 = Release|Any CPU
		{29EBD889-4AE8-4CE1-A976-83C0ADBD3699}.Release|Win32.ActiveCfg = Release|Any CPU
		{29EBD889-4AE8-4CE1-A976-83C0ADBD3699}.Release|x64.ActiveCfg = Release|Any CPU
		{29EBD889-4AE8-4CE1-A976-83C0ADBD3699}.Release|x86.ActiveCfg = Release|Any CPU
		{874961FD-5A33-49BC-AAD4-A93402AEE8C0}.Debug|Any CPU.ActiveCfg = Debug|x86
		{874961FD-5A33-49BC-AAD4-A93402AEE8C0}.Debug|Mixed Platforms.ActiveCfg = Debug|x86
		{874961FD-5A33-49BC-AAD4-A93402AEE8C0}.Debug|Mixed Platforms.Build.0 = Debug|x86
		{874961FD-5A33-49BC-AAD4-A93402AEE8C0}.Debug|Win32.ActiveCfg = Debug|x86
		{874961FD-5A33-49BC-AAD4-A93402AEE8C0}.Debug|x64.ActiveCfg = Debug|x86
		{874961FD-5A33-49BC-AAD4-A93402AEE8C0}.Debug|x86.ActiveCfg = Debug|x86
		{874961FD-5A33-49BC-AAD4-A93402AEE8C0}.Debug|x86.Build.0 = Debug|x86
		{874961FD-5A33-49BC-AAD4-A93402AEE8C0}.Release|Any CPU.ActiveCfg = Release|x86
		{874961FD-5A33-49BC-AAD4-A93402AEE8C0}.Release|Mixed Platforms.ActiveCfg = Release|x86
		{874961FD-5A33-49BC-AAD4-A93402AEE8C0}.Release|Mixed Platforms.Build.0 = Release|x86
		{874961FD-5A33-49BC-AAD4-A93402AEE8C0}.Release|Win32.ActiveCfg = Release|x86
		{874961FD-5A33-49BC-AAD4-A93402AEE8C0}.Release|x64.ActiveCfg = Release|x86
		{874961FD-5A33-49BC-AAD4-A93402AEE8C0}.Release|x86.ActiveCfg = Release|x86
		{874961FD-5A33-49BC-AAD4-A93402AEE8C0}.Release|x86.Build.0 = Release|x86
		{1852A8F9-50CE-4E81-8852-E77B58A0897C}.Debug|Any CPU.ActiveCfg = Debug|x86
		{1852A8F9-50CE-4E81-8852-E77B58A0897C}.Debug|Mixed Platforms.ActiveCfg = Debug|x86
		{1852A8F9-50CE-4E81-8852-E77B58A0897C}.Debug|Mixed Platforms.Build.0 = Debug|x86
		{1852A8F9-50CE-4E81-8852-E77B58A0897C}.Debug|Win32.ActiveCfg = Debug|x86
		{1852A8F9-50CE-4E81-8852-E77B58A0897C}.Debug|x64.ActiveCfg = Debug|x86
		{1852A8F9-50CE-4E81-8852-E77B58A0897C}.Debug|x86.ActiveCfg = Debug|x86
		{1852A8F9-50CE-4E81-8852-E77B58A0897C}.Debug|x86.Build.0 = Debug|x86
		{1852A8F9-50CE-4E81-8852-E77B58A0897C}.Release|Any CPU.ActiveCfg = Release|x86
		{1852A8F9-50CE-4E81-8852-E77B58A0897C}.Release|Mixed Platforms.ActiveCfg = Release|x86
		{1852A8F9-50CE-4E81-8852-E77B58A0897C}.Release|Mixed Platforms.Build.0 = Release|x86
		{1852A8F9-50CE-4E81-8852-E77B58A0897C}.Release|Win32.ActiveCfg = Release|x86
		{1852A8F9-50CE-4E81-8852-E77B58A0897C}.Release|x64.ActiveCfg = Release|x86
		{1852A8F9-50CE-4E81-8852-E77B58A0897C}.Release|x86.ActiveCfg = Release|x86
		{1852A8F9-50CE-4E81-8852-E77B58A0897C}.Release|x86.Build.0 = Release|x86
		{A31438E4-BCEC-4926-8950-E44015F5ED77}.Debug|Any CPU.ActiveCfg = Debug|x86
		{A31438E4-BCEC-4926-8950-E44015F5ED77}.Debug|Mixed Platforms.ActiveCfg = Debug|x86
		{A31438E4-BCEC-4926-8950-E44015F5ED77}.Debug|Mixed Platforms.Build.0 = Debug|x86
		{A31438E4-BCEC-4926-8950-E44015F5ED77}.Debug|Win32.ActiveCfg = Debug|x86
		{A31438E4-BCEC-4926-8950-E44015F5ED77}.Debug|x64.ActiveCfg = Debug|x86
		{A31438E4-BCEC-4926-8950-E44015F5ED77}.Debug|x86.ActiveCfg = Debug|x86
		{A31438E4-BCEC-4926-8950-E44015F5ED77}.Debug|x86.Build.0 = Debug|x86
		{A31438E4-BCEC-4926-8950-E44015F5ED77}.Release|Any CPU.ActiveCfg = Release|x86
		{A31438E4-BCEC-4926-8950-E44015F5ED77}.Release|Mixed Platforms.ActiveCfg = Release|x86
		{A31438E4-BCEC-4926-8950-E44015F5ED77}.Release|Mixed Platforms.Build.0 = Release|x86
		{A31438E4-BCEC-4926-8950-E44015F5ED77}.Release|Win32.ActiveCfg = Release|x86
		{A31438E4-BCEC-4926-8950-E44015F5ED77}.Release|x64.ActiveCfg = Release|x86
		{A31438E4-BCEC-4926-8950-E44015F5ED77}.Release|x86.ActiveCfg = Release|x86
		{A31438E4-BCEC-4926-8950-E44015F5ED77}.Release|x86.Build.0 = Release|x86
		{486DABAC-D1CA-4713-A713-93AB307872CB}.Debug|Any CPU.ActiveCfg = Debug|Any CPU
		{486DABAC-D1CA-4713-A713-93AB307872CB}.Debug|Any CPU.Build.0 = Debug|Any CPU
		{486DABAC-D1CA-4713-A713-93AB307872CB}.Debug|Mixed Platforms.ActiveCfg = Debug|x64
		{486DABAC-D1CA-4713-A713-93AB307872CB}.Debug|Mixed Platforms.Build.0 = Debug|x64
		{486DABAC-D1CA-4713-A713-93AB307872CB}.Debug|Win32.ActiveCfg = Debug|x64
		{486DABAC-D1CA-4713-A713-93AB307872CB}.Debug|x64.ActiveCfg = Debug|x64
		{486DABAC-D1CA-4713-A713-93AB307872CB}.Debug|x64.Build.0 = Debug|x64
		{486DABAC-D1CA-4713-A713-93AB307872CB}.Debug|x86.ActiveCfg = Debug|x64
		{486DABAC-D1CA-4713-A713-93AB307872CB}.Release|Any CPU.ActiveCfg = Release|Any CPU
		{486DABAC-D1CA-4713-A713-93AB307872CB}.Release|Any CPU.Build.0 = Release|Any CPU
		{486DABAC-D1CA-4713-A713-93AB307872CB}.Release|Mixed Platforms.ActiveCfg = Release|x64
		{486DABAC-D1CA-4713-A713-93AB307872CB}.Release|Mixed Platforms.Build.0 = Release|x64
		{486DABAC-D1CA-4713-A713-93AB307872CB}.Release|Win32.ActiveCfg = Release|x64
		{486DABAC-D1CA-4713-A713-93AB307872CB}.Release|x64.ActiveCfg = Release|x64
		{486DABAC-D1CA-4713-A713-93AB307872CB}.Release|x64.Build.0 = Release|x64
		{486DABAC-D1CA-4713-A713-93AB307872CB}.Release|x86.ActiveCfg = Release|x64
		{5A23AA8F-A3C1-40E4-9222-B853DAC890A2}.Debug|Any CPU.ActiveCfg = Debug|x64
		{5A23AA8F-A3C1-40E4-9222-B853DAC890A2}.Debug|Mixed Platforms.ActiveCfg = Debug|x64
		{5A23AA8F-A3C1-40E4-9222-B853DAC890A2}.Debug|Mixed Platforms.Build.0 = Debug|x64
		{5A23AA8F-A3C1-40E4-9222-B853DAC890A2}.Debug|Win32.ActiveCfg = Debug|x64
		{5A23AA8F-A3C1-40E4-9222-B853DAC890A2}.Debug|x64.ActiveCfg = Debug|x64
		{5A23AA8F-A3C1-40E4-9222-B853DAC890A2}.Debug|x64.Build.0 = Debug|x64
		{5A23AA8F-A3C1-40E4-9222-B853DAC890A2}.Debug|x86.ActiveCfg = Debug|x86
		{5A23AA8F-A3C1-40E4-9222-B853DAC890A2}.Debug|x86.Build.0 = Debug|x86
		{5A23AA8F-A3C1-40E4-9222-B853DAC890A2}.Release|Any CPU.ActiveCfg = Release|x64
		{5A23AA8F-A3C1-40E4-9222-B853DAC890A2}.Release|Mixed Platforms.ActiveCfg = Release|x64
		{5A23AA8F-A3C1-40E4-9222-B853DAC890A2}.Release|Mixed Platforms.Build.0 = Release|x64
		{5A23AA8F-A3C1-40E4-9222-B853DAC890A2}.Release|Win32.ActiveCfg = Release|x64
		{5A23AA8F-A3C1-40E4-9222-B853DAC890A2}.Release|x64.ActiveCfg = Release|x64
		{5A23AA8F-A3C1-40E4-9222-B853DAC890A2}.Release|x64.Build.0 = Release|x64
		{5A23AA8F-A3C1-40E4-9222-B853DAC890A2}.Release|x86.ActiveCfg = Release|x86
		{5A23AA8F-A3C1-40E4-9222-B853DAC890A2}.Release|x86.Build.0 = Release|x86
		{72F8DB32-ED62-4346-A96B-D27D3A4592B3}.Debug|Any CPU.ActiveCfg = Debug|Any CPU
		{72F8DB32-ED62-4346-A96B-D27D3A4592B3}.Debug|Any CPU.Build.0 = Debug|Any CPU
		{72F8DB32-ED62-4346-A96B-D27D3A4592B3}.Debug|Mixed Platforms.ActiveCfg = Debug|Any CPU
		{72F8DB32-ED62-4346-A96B-D27D3A4592B3}.Debug|Mixed Platforms.Build.0 = Debug|Any CPU
		{72F8DB32-ED62-4346-A96B-D27D3A4592B3}.Debug|Win32.ActiveCfg = Debug|Any CPU
		{72F8DB32-ED62-4346-A96B-D27D3A4592B3}.Debug|x64.ActiveCfg = Debug|Any CPU
		{72F8DB32-ED62-4346-A96B-D27D3A4592B3}.Debug|x86.ActiveCfg = Debug|Any CPU
		{72F8DB32-ED62-4346-A96B-D27D3A4592B3}.Release|Any CPU.ActiveCfg = Release|Any CPU
		{72F8DB32-ED62-4346-A96B-D27D3A4592B3}.Release|Any CPU.Build.0 = Release|Any CPU
		{72F8DB32-ED62-4346-A96B-D27D3A4592B3}.Release|Mixed Platforms.ActiveCfg = Release|Any CPU
		{72F8DB32-ED62-4346-A96B-D27D3A4592B3}.Release|Mixed Platforms.Build.0 = Release|Any CPU
		{72F8DB32-ED62-4346-A96B-D27D3A4592B3}.Release|Win32.ActiveCfg = Release|Any CPU
		{72F8DB32-ED62-4346-A96B-D27D3A4592B3}.Release|x64.ActiveCfg = Release|Any CPU
		{72F8DB32-ED62-4346-A96B-D27D3A4592B3}.Release|x86.ActiveCfg = Release|Any CPU
		{BC81A0B4-3A9E-4130-940E-D2B3891437EA}.Debug|Any CPU.ActiveCfg = Debug|Any CPU
		{BC81A0B4-3A9E-4130-940E-D2B3891437EA}.Debug|Any CPU.Build.0 = Debug|Any CPU
		{BC81A0B4-3A9E-4130-940E-D2B3891437EA}.Debug|Mixed Platforms.ActiveCfg = Debug|Any CPU
		{BC81A0B4-3A9E-4130-940E-D2B3891437EA}.Debug|Mixed Platforms.Build.0 = Debug|Any CPU
		{BC81A0B4-3A9E-4130-940E-D2B3891437EA}.Debug|Win32.ActiveCfg = Debug|Any CPU
		{BC81A0B4-3A9E-4130-940E-D2B3891437EA}.Debug|x64.ActiveCfg = Debug|Any CPU
		{BC81A0B4-3A9E-4130-940E-D2B3891437EA}.Debug|x86.ActiveCfg = Debug|Any CPU
		{BC81A0B4-3A9E-4130-940E-D2B3891437EA}.Release|Any CPU.ActiveCfg = Release|Any CPU
		{BC81A0B4-3A9E-4130-940E-D2B3891437EA}.Release|Any CPU.Build.0 = Release|Any CPU
		{BC81A0B4-3A9E-4130-940E-D2B3891437EA}.Release|Mixed Platforms.ActiveCfg = Release|Any CPU
		{BC81A0B4-3A9E-4130-940E-D2B3891437EA}.Release|Mixed Platforms.Build.0 = Release|Any CPU
		{BC81A0B4-3A9E-4130-940E-D2B3891437EA}.Release|Win32.ActiveCfg = Release|Any CPU
		{BC81A0B4-3A9E-4130-940E-D2B3891437EA}.Release|x64.ActiveCfg = Release|Any CPU
		{BC81A0B4-3A9E-4130-940E-D2B3891437EA}.Release|x86.ActiveCfg = Release|Any CPU
		{BF263FA0-792F-4F00-B57A-F8DF623EEBEE}.Debug|Any CPU.ActiveCfg = Debug|Any CPU
		{BF263FA0-792F-4F00-B57A-F8DF623EEBEE}.Debug|Any CPU.Build.0 = Debug|Any CPU
		{BF263FA0-792F-4F00-B57A-F8DF623EEBEE}.Debug|Mixed Platforms.ActiveCfg = Debug|Any CPU
		{BF263FA0-792F-4F00-B57A-F8DF623EEBEE}.Debug|Mixed Platforms.Build.0 = Debug|Any CPU
		{BF263FA0-792F-4F00-B57A-F8DF623EEBEE}.Debug|Win32.ActiveCfg = Debug|Any CPU
		{BF263FA0-792F-4F00-B57A-F8DF623EEBEE}.Debug|x64.ActiveCfg = Debug|Any CPU
		{BF263FA0-792F-4F00-B57A-F8DF623EEBEE}.Debug|x86.ActiveCfg = Debug|Any CPU
		{BF263FA0-792F-4F00-B57A-F8DF623EEBEE}.Release|Any CPU.ActiveCfg = Release|Any CPU
		{BF263FA0-792F-4F00-B57A-F8DF623EEBEE}.Release|Any CPU.Build.0 = Release|Any CPU
		{BF263FA0-792F-4F00-B57A-F8DF623EEBEE}.Release|Mixed Platforms.ActiveCfg = Release|Any CPU
		{BF263FA0-792F-4F00-B57A-F8DF623EEBEE}.Release|Mixed Platforms.Build.0 = Release|Any CPU
		{BF263FA0-792F-4F00-B57A-F8DF623EEBEE}.Release|Win32.ActiveCfg = Release|Any CPU
		{BF263FA0-792F-4F00-B57A-F8DF623EEBEE}.Release|x64.ActiveCfg = Release|Any CPU
		{BF263FA0-792F-4F00-B57A-F8DF623EEBEE}.Release|x86.ActiveCfg = Release|Any CPU
		{3B6E3E65-5815-4C12-99FD-3A718E4B944A}.Debug|Any CPU.ActiveCfg = Debug|Any CPU
		{3B6E3E65-5815-4C12-99FD-3A718E4B944A}.Debug|Any CPU.Build.0 = Debug|Any CPU
		{3B6E3E65-5815-4C12-99FD-3A718E4B944A}.Debug|Mixed Platforms.ActiveCfg = Debug|Any CPU
		{3B6E3E65-5815-4C12-99FD-3A718E4B944A}.Debug|Mixed Platforms.Build.0 = Debug|Any CPU
		{3B6E3E65-5815-4C12-99FD-3A718E4B944A}.Debug|Win32.ActiveCfg = Debug|Any CPU
		{3B6E3E65-5815-4C12-99FD-3A718E4B944A}.Debug|x64.ActiveCfg = Debug|Any CPU
		{3B6E3E65-5815-4C12-99FD-3A718E4B944A}.Debug|x86.ActiveCfg = Debug|Any CPU
		{3B6E3E65-5815-4C12-99FD-3A718E4B944A}.Release|Any CPU.ActiveCfg = Release|Any CPU
		{3B6E3E65-5815-4C12-99FD-3A718E4B944A}.Release|Any CPU.Build.0 = Release|Any CPU
		{3B6E3E65-5815-4C12-99FD-3A718E4B944A}.Release|Mixed Platforms.ActiveCfg = Release|Any CPU
		{3B6E3E65-5815-4C12-99FD-3A718E4B944A}.Release|Mixed Platforms.Build.0 = Release|Any CPU
		{3B6E3E65-5815-4C12-99FD-3A718E4B944A}.Release|Win32.ActiveCfg = Release|Any CPU
		{3B6E3E65-5815-4C12-99FD-3A718E4B944A}.Release|x64.ActiveCfg = Release|Any CPU
		{3B6E3E65-5815-4C12-99FD-3A718E4B944A}.Release|x86.ActiveCfg = Release|Any CPU
		{17B3D878-31DE-47A5-88A1-9D120D326C2F}.Debug|Any CPU.ActiveCfg = Debug|Any CPU
		{17B3D878-31DE-47A5-88A1-9D120D326C2F}.Debug|Any CPU.Build.0 = Debug|Any CPU
		{17B3D878-31DE-47A5-88A1-9D120D326C2F}.Debug|Mixed Platforms.ActiveCfg = Debug|Any CPU
		{17B3D878-31DE-47A5-88A1-9D120D326C2F}.Debug|Mixed Platforms.Build.0 = Debug|Any CPU
		{17B3D878-31DE-47A5-88A1-9D120D326C2F}.Debug|Win32.ActiveCfg = Debug|Any CPU
		{17B3D878-31DE-47A5-88A1-9D120D326C2F}.Debug|x64.ActiveCfg = Debug|Any CPU
		{17B3D878-31DE-47A5-88A1-9D120D326C2F}.Debug|x86.ActiveCfg = Debug|Any CPU
		{17B3D878-31DE-47A5-88A1-9D120D326C2F}.Release|Any CPU.ActiveCfg = Release|Any CPU
		{17B3D878-31DE-47A5-88A1-9D120D326C2F}.Release|Any CPU.Build.0 = Release|Any CPU
		{17B3D878-31DE-47A5-88A1-9D120D326C2F}.Release|Mixed Platforms.ActiveCfg = Release|Any CPU
		{17B3D878-31DE-47A5-88A1-9D120D326C2F}.Release|Mixed Platforms.Build.0 = Release|Any CPU
		{17B3D878-31DE-47A5-88A1-9D120D326C2F}.Release|Win32.ActiveCfg = Release|Any CPU
		{17B3D878-31DE-47A5-88A1-9D120D326C2F}.Release|x64.ActiveCfg = Release|Any CPU
		{17B3D878-31DE-47A5-88A1-9D120D326C2F}.Release|x86.ActiveCfg = Release|Any CPU
		{BE56AE19-3E10-473A-ACCF-8283DF73B2C3}.Debug|Any CPU.ActiveCfg = Debug|Any CPU
		{BE56AE19-3E10-473A-ACCF-8283DF73B2C3}.Debug|Any CPU.Build.0 = Debug|Any CPU
		{BE56AE19-3E10-473A-ACCF-8283DF73B2C3}.Debug|Mixed Platforms.ActiveCfg = Debug|Any CPU
		{BE56AE19-3E10-473A-ACCF-8283DF73B2C3}.Debug|Mixed Platforms.Build.0 = Debug|Any CPU
		{BE56AE19-3E10-473A-ACCF-8283DF73B2C3}.Debug|Win32.ActiveCfg = Debug|Any CPU
		{BE56AE19-3E10-473A-ACCF-8283DF73B2C3}.Debug|x64.ActiveCfg = Debug|Any CPU
		{BE56AE19-3E10-473A-ACCF-8283DF73B2C3}.Debug|x86.ActiveCfg = Debug|Any CPU
		{BE56AE19-3E10-473A-ACCF-8283DF73B2C3}.Release|Any CPU.ActiveCfg = Release|Any CPU
		{BE56AE19-3E10-473A-ACCF-8283DF73B2C3}.Release|Any CPU.Build.0 = Release|Any CPU
		{BE56AE19-3E10-473A-ACCF-8283DF73B2C3}.Release|Mixed Platforms.ActiveCfg = Release|Any CPU
		{BE56AE19-3E10-473A-ACCF-8283DF73B2C3}.Release|Mixed Platforms.Build.0 = Release|Any CPU
		{BE56AE19-3E10-473A-ACCF-8283DF73B2C3}.Release|Win32.ActiveCfg = Release|Any CPU
		{BE56AE19-3E10-473A-ACCF-8283DF73B2C3}.Release|x64.ActiveCfg = Release|Any CPU
		{BE56AE19-3E10-473A-ACCF-8283DF73B2C3}.Release|x86.ActiveCfg = Release|Any CPU
	EndGlobalSection
	GlobalSection(SolutionProperties) = preSolution
		HideSolutionNode = FALSE
	EndGlobalSection
EndGlobal
